
Microsoft Visual Studio Solution File, Format Version 12.00
# Visual Studio 2012
Project("{FAE04EC0-301F-11D3-BF4B-00C04F79EFBC}") = "GeoIP", "GeoIP\GeoIP.csproj", "{329106D8-2B13-42EA-9ACF-D8CCD209AB32}"
EndProject
Project("{2150E333-8FDC-42A3-9474-1A3956D46DE8}") = "Misc", "Misc", "{51FDBBD2-2705-4BFD-9F26-8644EB8EA15E}"
	ProjectSection(SolutionItems) = preProject
		ChangeLog = ChangeLog
		README = README
	EndProjectSection
EndProject
Project("{2150E333-8FDC-42A3-9474-1A3956D46DE8}") = "Examples", "Examples", "{C1C28916-0BE2-4E75-812B-1848C8296E2A}"
	ProjectSection(SolutionItems) = preProject
		Examples\asnExample.cs = Examples\asnExample.cs
		Examples\asnV6Example.cs = Examples\asnV6Example.cs
		Examples\cityExample.cs = Examples\cityExample.cs
		Examples\cityV6Example.cs = Examples\cityV6Example.cs
		Examples\countryExample.cs = Examples\countryExample.cs
		Examples\countryV6Example.cs = Examples\countryV6Example.cs
		Examples\domainExample.cs = Examples\domainExample.cs
		Examples\netspeedExample.cs = Examples\netspeedExample.cs
		Examples\orgExample.cs = Examples\orgExample.cs
		Examples\regionExample.cs = Examples\regionExample.cs
	EndProjectSection
EndProject
Global
	GlobalSection(SolutionConfigurationPlatforms) = preSolution
		Debug|Any CPU = Debug|Any CPU
		Release|Any CPU = Release|Any CPU
	EndGlobalSection
	GlobalSection(ProjectConfigurationPlatforms) = postSolution
		{329106D8-2B13-42EA-9ACF-D8CCD209AB32}.Debug|Any CPU.ActiveCfg = Debug|Any CPU
		{329106D8-2B13-42EA-9ACF-D8CCD209AB32}.Debug|Any CPU.Build.0 = Debug|Any CPU
		{329106D8-2B13-42EA-9ACF-D8CCD209AB32}.Release|Any CPU.ActiveCfg = Release|Any CPU
		{329106D8-2B13-42EA-9ACF-D8CCD209AB32}.Release|Any CPU.Build.0 = Release|Any CPU
	EndGlobalSection
	GlobalSection(SolutionProperties) = preSolution
		HideSolutionNode = FALSE
	EndGlobalSection
EndGlobal
